
Microsoft Visual Studio Solution File, Format Version 12.00
# Visual Studio Version 17
VisualStudioVersion = 17.0.31903.59
MinimumVisualStudioVersion = 10.0.40219.1
Project("{FAE04EC0-301F-11D3-BF4B-00C04F79EFBC}") = "IS4", "IS4\IS4.csproj", "{9BD5DE71-4863-4561-96D8-B5AF264543CA}"
EndProject
Project("{FAE04EC0-301F-11D3-BF4B-00C04F79EFBC}") = "Api", "Api\Api.csproj", "{6DD1470B-366F-406C-B92C-CE235F0A6AEE}"
EndProject
Global
	GlobalSection(SolutionConfigurationPlatforms) = preSolution
		Debug|Any CPU = Debug|Any CPU
		Release|Any CPU = Release|Any CPU
	EndGlobalSection
	GlobalSection(ProjectConfigurationPlatforms) = postSolution
		{9BD5DE71-4863-4561-96D8-B5AF264543CA}.Debug|Any CPU.ActiveCfg = Debug|Any CPU
		{9BD5DE71-4863-4561-96D8-B5AF264543CA}.Debug|Any CPU.Build.0 = Debug|Any CPU
		{9BD5DE71-4863-4561-96D8-B5AF264543CA}.Release|Any CPU.ActiveCfg = Release|Any CPU
		{9BD5DE71-4863-4561-96D8-B5AF264543CA}.Release|Any CPU.Build.0 = Release|Any CPU
		{6DD1470B-366F-406C-B92C-CE235F0A6AEE}.Debug|Any CPU.ActiveCfg = Debug|Any CPU
		{6DD1470B-366F-406C-B92C-CE235F0A6AEE}.Debug|Any CPU.Build.0 = Debug|Any CPU
		{6DD1470B-366F-406C-B92C-CE235F0A6AEE}.Release|Any CPU.ActiveCfg = Release|Any CPU
		{6DD1470B-366F-406C-B92C-CE235F0A6AEE}.Release|Any CPU.Build.0 = Release|Any CPU
	EndGlobalSection
	GlobalSection(SolutionProperties) = preSolution
		HideSolutionNode = FALSE
	EndGlobalSection
	GlobalSection(ExtensibilityGlobals) = postSolution
		SolutionGuid = {F5F41A31-72A0-458B-ACB8-62F11960DE8F}
	EndGlobalSection
EndGlobal
